
Microsoft Visual Studio Solution File, Format Version 12.00
# Visual Studio 15
VisualStudioVersion = 15.0.28010.2050
MinimumVisualStudioVersion = 10.0.40219.1
Project("{FAE04EC0-301F-11D3-BF4B-00C04F79EFBC}") = "555", "555\555.csproj", "{71BE79BD-DC22-45ED-9901-E7DF9114029D}"
EndProject
Global
	GlobalSection(SolutionConfigurationPlatforms) = preSolution
		Debug|Any CPU = Debug|Any CPU
		Release|Any CPU = Release|Any CPU
	EndGlobalSection
	GlobalSection(ProjectConfigurationPlatforms) = postSolution
		{71BE79BD-DC22-45ED-9901-E7DF9114029D}.Debug|Any CPU.ActiveCfg = Debug|Any CPU
		{71BE79BD-DC22-45ED-9901-E7DF9114029D}.Debug|Any CPU.Build.0 = Debug|Any CPU
		{71BE79BD-DC22-45ED-9901-E7DF9114029D}.Release|Any CPU.ActiveCfg = Release|Any CPU
		{71BE79BD-DC22-45ED-9901-E7DF9114029D}.Release|Any CPU.Build.0 = Release|Any CPU
	EndGlobalSection
	GlobalSection(SolutionProperties) = preSolution
		HideSolutionNode = FALSE
	EndGlobalSection
	GlobalSection(ExtensibilityGlobals) = postSolution
		SolutionGuid = {3B5474C1-573E-4D73-B1C9-F6C18CC8968C}
	EndGlobalSection
EndGlobal
