
Microsoft Visual Studio Solution File, Format Version 12.00
# Visual Studio 15
VisualStudioVersion = 15.0.28010.2050
MinimumVisualStudioVersion = 10.0.40219.1
Project("{FAE04EC0-301F-11D3-BF4B-00C04F79EFBC}") = "2", "2\2.csproj", "{8578E02D-09DF-4AF9-AAA5-3162257CC62C}"
EndProject
Global
	GlobalSection(SolutionConfigurationPlatforms) = preSolution
		Debug|Any CPU = Debug|Any CPU
		Release|Any CPU = Release|Any CPU
	EndGlobalSection
	GlobalSection(ProjectConfigurationPlatforms) = postSolution
		{8578E02D-09DF-4AF9-AAA5-3162257CC62C}.Debug|Any CPU.ActiveCfg = Debug|Any CPU
		{8578E02D-09DF-4AF9-AAA5-3162257CC62C}.Debug|Any CPU.Build.0 = Debug|Any CPU
		{8578E02D-09DF-4AF9-AAA5-3162257CC62C}.Release|Any CPU.ActiveCfg = Release|Any CPU
		{8578E02D-09DF-4AF9-AAA5-3162257CC62C}.Release|Any CPU.Build.0 = Release|Any CPU
	EndGlobalSection
	GlobalSection(SolutionProperties) = preSolution
		HideSolutionNode = FALSE
	EndGlobalSection
	GlobalSection(ExtensibilityGlobals) = postSolution
		SolutionGuid = {D76B34F0-C47A-4979-BC45-8929F88D8120}
	EndGlobalSection
EndGlobal
