
Microsoft Visual Studio Solution File, Format Version 12.00
# Visual Studio 15
VisualStudioVersion = 15.0.28010.2050
MinimumVisualStudioVersion = 10.0.40219.1
Project("{FAE04EC0-301F-11D3-BF4B-00C04F79EFBC}") = "1", "1\1.csproj", "{E804E00C-A330-4D40-A162-C36076DDC19B}"
EndProject
Global
	GlobalSection(SolutionConfigurationPlatforms) = preSolution
		Debug|Any CPU = Debug|Any CPU
		Release|Any CPU = Release|Any CPU
	EndGlobalSection
	GlobalSection(ProjectConfigurationPlatforms) = postSolution
		{E804E00C-A330-4D40-A162-C36076DDC19B}.Debug|Any CPU.ActiveCfg = Debug|Any CPU
		{E804E00C-A330-4D40-A162-C36076DDC19B}.Debug|Any CPU.Build.0 = Debug|Any CPU
		{E804E00C-A330-4D40-A162-C36076DDC19B}.Release|Any CPU.ActiveCfg = Release|Any CPU
		{E804E00C-A330-4D40-A162-C36076DDC19B}.Release|Any CPU.Build.0 = Release|Any CPU
	EndGlobalSection
	GlobalSection(SolutionProperties) = preSolution
		HideSolutionNode = FALSE
	EndGlobalSection
	GlobalSection(ExtensibilityGlobals) = postSolution
		SolutionGuid = {61ED110D-F5C2-442C-93EA-011E89D707AB}
	EndGlobalSection
EndGlobal
